
Microsoft Visual Studio Solution File, Format Version 12.00
# Visual Studio Version 16
VisualStudioVersion = 16.0.32228.343
MinimumVisualStudioVersion = 10.0.40219.1
Project("{FAE04EC0-301F-11D3-BF4B-00C04F79EFBC}") = "ClickCounter", "ClickCounter\ClickCounter.csproj", "{BED9B36A-4C17-4DE3-B172-EA580EEE0BF0}"
EndProject
Global
	GlobalSection(SolutionConfigurationPlatforms) = preSolution
		Debug|Any CPU = Debug|Any CPU
		Release|Any CPU = Release|Any CPU
	EndGlobalSection
	GlobalSection(ProjectConfigurationPlatforms) = postSolution
		{BED9B36A-4C17-4DE3-B172-EA580EEE0BF0}.Debug|Any CPU.ActiveCfg = Debug|Any CPU
		{BED9B36A-4C17-4DE3-B172-EA580EEE0BF0}.Debug|Any CPU.Build.0 = Debug|Any CPU
		{BED9B36A-4C17-4DE3-B172-EA580EEE0BF0}.Release|Any CPU.ActiveCfg = Release|Any CPU
		{BED9B36A-4C17-4DE3-B172-EA580EEE0BF0}.Release|Any CPU.Build.0 = Release|Any CPU
	EndGlobalSection
	GlobalSection(SolutionProperties) = preSolution
		HideSolutionNode = FALSE
	EndGlobalSection
	GlobalSection(ExtensibilityGlobals) = postSolution
		SolutionGuid = {B2325E5D-D0C5-41F9-90A8-334074E1DE9C}
	EndGlobalSection
EndGlobal
